
Microsoft Visual Studio Solution File, Format Version 12.00
# Visual Studio 15
VisualStudioVersion = 15.0.28010.2026
MinimumVisualStudioVersion = 10.0.40219.1
Project("{FAE04EC0-301F-11D3-BF4B-00C04F79EFBC}") = "Replacer", "Replacer\Replacer.csproj", "{DB8AC9B8-55BD-42B5-992A-9B8B3106E370}"
EndProject
Global
	GlobalSection(SolutionConfigurationPlatforms) = preSolution
		Debug|Any CPU = Debug|Any CPU
		Release|Any CPU = Release|Any CPU
	EndGlobalSection
	GlobalSection(ProjectConfigurationPlatforms) = postSolution
		{DB8AC9B8-55BD-42B5-992A-9B8B3106E370}.Debug|Any CPU.ActiveCfg = Debug|Any CPU
		{DB8AC9B8-55BD-42B5-992A-9B8B3106E370}.Debug|Any CPU.Build.0 = Debug|Any CPU
		{DB8AC9B8-55BD-42B5-992A-9B8B3106E370}.Release|Any CPU.ActiveCfg = Release|Any CPU
		{DB8AC9B8-55BD-42B5-992A-9B8B3106E370}.Release|Any CPU.Build.0 = Release|Any CPU
	EndGlobalSection
	GlobalSection(SolutionProperties) = preSolution
		HideSolutionNode = FALSE
	EndGlobalSection
	GlobalSection(ExtensibilityGlobals) = postSolution
		SolutionGuid = {9962C6BD-9C93-4941-856D-08DD73ED3B3B}
	EndGlobalSection
EndGlobal
